// !$*UTF8*$!
{
	archiveVersion = 1;
	classes = {
	};
	objectVersion = 56;
	objects = {

/* Begin PBXBuildFile section */
		A3046ECE2C0F350100524EB4 /* SelectCustom.swift in Sources */ = {isa = PBXBuildFile; fileRef = A3046ECD2C0F350100524EB4 /* SelectCustom.swift */; };
		A319591D2BE02B6000CCE131 /* RickAndMortyApp.swift in Sources */ = {isa = PBXBuildFile; fileRef = A319591C2BE02B6000CCE131 /* RickAndMortyApp.swift */; };
		A31959212BE02B6100CCE131 /* Assets.xcassets in Resources */ = {isa = PBXBuildFile; fileRef = A31959202BE02B6100CCE131 /* Assets.xcassets */; };
		A31959242BE02B6100CCE131 /* Preview Assets.xcassets in Resources */ = {isa = PBXBuildFile; fileRef = A31959232BE02B6100CCE131 /* Preview Assets.xcassets */; };
		A319592E2BE02B6100CCE131 /* RickAndMortyTests.swift in Sources */ = {isa = PBXBuildFile; fileRef = A319592D2BE02B6100CCE131 /* RickAndMortyTests.swift */; };
		A31959382BE02B6100CCE131 /* RickAndMortyUITests.swift in Sources */ = {isa = PBXBuildFile; fileRef = A31959372BE02B6100CCE131 /* RickAndMortyUITests.swift */; };
		A319593A2BE02B6100CCE131 /* RickAndMortyUITestsLaunchTests.swift in Sources */ = {isa = PBXBuildFile; fileRef = A31959392BE02B6100CCE131 /* RickAndMortyUITestsLaunchTests.swift */; };
		A319594C2BE02C8400CCE131 /* Globals.swift in Sources */ = {isa = PBXBuildFile; fileRef = A319594B2BE02C8400CCE131 /* Globals.swift */; };
		A319594E2BE02C9300CCE131 /* NetworkManager.swift in Sources */ = {isa = PBXBuildFile; fileRef = A319594D2BE02C9300CCE131 /* NetworkManager.swift */; };
		A31959502BE02C9E00CCE131 /* Networker.swift in Sources */ = {isa = PBXBuildFile; fileRef = A319594F2BE02C9E00CCE131 /* Networker.swift */; };
		A31959532BE02CB800CCE131 /* HomeViewModel.swift in Sources */ = {isa = PBXBuildFile; fileRef = A31959522BE02CB800CCE131 /* HomeViewModel.swift */; };
		A31959552BE02CC200CCE131 /* HomeViewInteractor.swift in Sources */ = {isa = PBXBuildFile; fileRef = A31959542BE02CC200CCE131 /* HomeViewInteractor.swift */; };
		A319595B2BE02CED00CCE131 /* CharacterModel.swift in Sources */ = {isa = PBXBuildFile; fileRef = A319595A2BE02CED00CCE131 /* CharacterModel.swift */; };
		A319595D2BE02D3900CCE131 /* HomeView.swift in Sources */ = {isa = PBXBuildFile; fileRef = A319595C2BE02D3900CCE131 /* HomeView.swift */; };
		A335DDC62BFCA906004C6A1F /* Color.swift in Sources */ = {isa = PBXBuildFile; fileRef = A335DDC52BFCA906004C6A1F /* Color.swift */; };
		A335DDC82BFCAA72004C6A1F /* Font.swift in Sources */ = {isa = PBXBuildFile; fileRef = A335DDC72BFCAA72004C6A1F /* Font.swift */; };
		A335DDCA2BFCAF3D004C6A1F /* Nunito-Regular.ttf in Resources */ = {isa = PBXBuildFile; fileRef = A335DDC92BFCAF3D004C6A1F /* Nunito-Regular.ttf */; };
		A335DDCC2BFCAF4F004C6A1F /* Nunito-Medium.ttf in Resources */ = {isa = PBXBuildFile; fileRef = A335DDCB2BFCAF4F004C6A1F /* Nunito-Medium.ttf */; };
		A335DDCF2BFCAF6F004C6A1F /* Nunito-Bold.ttf in Resources */ = {isa = PBXBuildFile; fileRef = A335DDCE2BFCAF6F004C6A1F /* Nunito-Bold.ttf */; };
		A335DDD72BFCB315004C6A1F /* LaunchScreenView.swift in Sources */ = {isa = PBXBuildFile; fileRef = A335DDD62BFCB315004C6A1F /* LaunchScreenView.swift */; };
		A335DDD92BFCB834004C6A1F /* SearchBar.swift in Sources */ = {isa = PBXBuildFile; fileRef = A335DDD82BFCB834004C6A1F /* SearchBar.swift */; };
		A335DDDB2BFCBFC3004C6A1F /* CustomCell.swift in Sources */ = {isa = PBXBuildFile; fileRef = A335DDDA2BFCBFC3004C6A1F /* CustomCell.swift */; };
		A346C1C12BE14BC500446F3F /* Location.swift in Sources */ = {isa = PBXBuildFile; fileRef = A346C1C02BE14BC500446F3F /* Location.swift */; };
		A346C1C32BE14CC600446F3F /* Episode.swift in Sources */ = {isa = PBXBuildFile; fileRef = A346C1C22BE14CC600446F3F /* Episode.swift */; };
		A346C1CB2BE164B500446F3F /* CachedAsyncImage in Frameworks */ = {isa = PBXBuildFile; productRef = A346C1CA2BE164B500446F3F /* CachedAsyncImage */; };
		A371AB862C0DE17100C4935E /* LoadMoreButton.swift in Sources */ = {isa = PBXBuildFile; fileRef = A371AB852C0DE17100C4935E /* LoadMoreButton.swift */; };
		A3A826172C10D8FD00CD3249 /* FilterCharacterSheetContentView.swift in Sources */ = {isa = PBXBuildFile; fileRef = A3A826162C10D8FD00CD3249 /* FilterCharacterSheetContentView.swift */; };
		A3A826192C10E44700CD3249 /* FilterLocationSheetContentView.swift in Sources */ = {isa = PBXBuildFile; fileRef = A3A826182C10E44700CD3249 /* FilterLocationSheetContentView.swift */; };
		A3A8261B2C10E45A00CD3249 /* FilterEpisodeSheetContentView.swift in Sources */ = {isa = PBXBuildFile; fileRef = A3A8261A2C10E45A00CD3249 /* FilterEpisodeSheetContentView.swift */; };
		A3A826222C10E56500CD3249 /* TabBarView.swift in Sources */ = {isa = PBXBuildFile; fileRef = A3A826212C10E56500CD3249 /* TabBarView.swift */; };
		A3A826242C10EB3300CD3249 /* RootView.swift in Sources */ = {isa = PBXBuildFile; fileRef = A3A826232C10EB3300CD3249 /* RootView.swift */; };
		A3A826282C10EC5200CD3249 /* LocationsView.swift in Sources */ = {isa = PBXBuildFile; fileRef = A3A826272C10EC5200CD3249 /* LocationsView.swift */; };
		A3A8262A2C10EC5B00CD3249 /* EpisodesView.swift in Sources */ = {isa = PBXBuildFile; fileRef = A3A826292C10EC5B00CD3249 /* EpisodesView.swift */; };
/* End PBXBuildFile section */

/* Begin PBXContainerItemProxy section */
		A319592A2BE02B6100CCE131 /* PBXContainerItemProxy */ = {
			isa = PBXContainerItemProxy;
			containerPortal = A31959112BE02B6000CCE131 /* Project object */;
			proxyType = 1;
			remoteGlobalIDString = A31959182BE02B6000CCE131;
			remoteInfo = RickAndMorty;
		};
		A31959342BE02B6100CCE131 /* PBXContainerItemProxy */ = {
			isa = PBXContainerItemProxy;
			containerPortal = A31959112BE02B6000CCE131 /* Project object */;
			proxyType = 1;
			remoteGlobalIDString = A31959182BE02B6000CCE131;
			remoteInfo = RickAndMorty;
		};
/* End PBXContainerItemProxy section */

/* Begin PBXFileReference section */
		A3046ECD2C0F350100524EB4 /* SelectCustom.swift */ = {isa = PBXFileReference; lastKnownFileType = sourcecode.swift; path = SelectCustom.swift; sourceTree = "<group>"; };
		A31959192BE02B6000CCE131 /* RickAndMorty.app */ = {isa = PBXFileReference; explicitFileType = wrapper.application; includeInIndex = 0; path = RickAndMorty.app; sourceTree = BUILT_PRODUCTS_DIR; };
		A319591C2BE02B6000CCE131 /* RickAndMortyApp.swift */ = {isa = PBXFileReference; lastKnownFileType = sourcecode.swift; path = RickAndMortyApp.swift; sourceTree = "<group>"; };
		A31959202BE02B6100CCE131 /* Assets.xcassets */ = {isa = PBXFileReference; lastKnownFileType = folder.assetcatalog; path = Assets.xcassets; sourceTree = "<group>"; };
		A31959232BE02B6100CCE131 /* Preview Assets.xcassets */ = {isa = PBXFileReference; lastKnownFileType = folder.assetcatalog; path = "Preview Assets.xcassets"; sourceTree = "<group>"; };
		A31959292BE02B6100CCE131 /* RickAndMortyTests.xctest */ = {isa = PBXFileReference; explicitFileType = wrapper.cfbundle; includeInIndex = 0; path = RickAndMortyTests.xctest; sourceTree = BUILT_PRODUCTS_DIR; };
		A319592D2BE02B6100CCE131 /* RickAndMortyTests.swift */ = {isa = PBXFileReference; lastKnownFileType = sourcecode.swift; path = RickAndMortyTests.swift; sourceTree = "<group>"; };
		A31959332BE02B6100CCE131 /* RickAndMortyUITests.xctest */ = {isa = PBXFileReference; explicitFileType = wrapper.cfbundle; includeInIndex = 0; path = RickAndMortyUITests.xctest; sourceTree = BUILT_PRODUCTS_DIR; };
		A31959372BE02B6100CCE131 /* RickAndMortyUITests.swift */ = {isa = PBXFileReference; lastKnownFileType = sourcecode.swift; path = RickAndMortyUITests.swift; sourceTree = "<group>"; };
		A31959392BE02B6100CCE131 /* RickAndMortyUITestsLaunchTests.swift */ = {isa = PBXFileReference; lastKnownFileType = sourcecode.swift; path = RickAndMortyUITestsLaunchTests.swift; sourceTree = "<group>"; };
		A319594B2BE02C8400CCE131 /* Globals.swift */ = {isa = PBXFileReference; lastKnownFileType = sourcecode.swift; path = Globals.swift; sourceTree = "<group>"; };
		A319594D2BE02C9300CCE131 /* NetworkManager.swift */ = {isa = PBXFileReference; lastKnownFileType = sourcecode.swift; path = NetworkManager.swift; sourceTree = "<group>"; };
		A319594F2BE02C9E00CCE131 /* Networker.swift */ = {isa = PBXFileReference; lastKnownFileType = sourcecode.swift; path = Networker.swift; sourceTree = "<group>"; };
		A31959522BE02CB800CCE131 /* HomeViewModel.swift */ = {isa = PBXFileReference; lastKnownFileType = sourcecode.swift; path = HomeViewModel.swift; sourceTree = "<group>"; };
		A31959542BE02CC200CCE131 /* HomeViewInteractor.swift */ = {isa = PBXFileReference; lastKnownFileType = sourcecode.swift; path = HomeViewInteractor.swift; sourceTree = "<group>"; };
		A319595A2BE02CED00CCE131 /* CharacterModel.swift */ = {isa = PBXFileReference; lastKnownFileType = sourcecode.swift; path = CharacterModel.swift; sourceTree = "<group>"; };
		A319595C2BE02D3900CCE131 /* HomeView.swift */ = {isa = PBXFileReference; lastKnownFileType = sourcecode.swift; path = HomeView.swift; sourceTree = "<group>"; };
		A335DDC52BFCA906004C6A1F /* Color.swift */ = {isa = PBXFileReference; lastKnownFileType = sourcecode.swift; path = Color.swift; sourceTree = "<group>"; };
		A335DDC72BFCAA72004C6A1F /* Font.swift */ = {isa = PBXFileReference; lastKnownFileType = sourcecode.swift; path = Font.swift; sourceTree = "<group>"; };
		A335DDC92BFCAF3D004C6A1F /* Nunito-Regular.ttf */ = {isa = PBXFileReference; lastKnownFileType = file; path = "Nunito-Regular.ttf"; sourceTree = "<group>"; };
		A335DDCB2BFCAF4F004C6A1F /* Nunito-Medium.ttf */ = {isa = PBXFileReference; lastKnownFileType = file; path = "Nunito-Medium.ttf"; sourceTree = "<group>"; };
		A335DDCE2BFCAF6F004C6A1F /* Nunito-Bold.ttf */ = {isa = PBXFileReference; lastKnownFileType = file; path = "Nunito-Bold.ttf"; sourceTree = "<group>"; };
		A335DDD02BFCAFBF004C6A1F /* Info.plist */ = {isa = PBXFileReference; lastKnownFileType = text.plist; path = Info.plist; sourceTree = "<group>"; };
		A335DDD62BFCB315004C6A1F /* LaunchScreenView.swift */ = {isa = PBXFileReference; lastKnownFileType = sourcecode.swift; path = LaunchScreenView.swift; sourceTree = "<group>"; };
		A335DDD82BFCB834004C6A1F /* SearchBar.swift */ = {isa = PBXFileReference; lastKnownFileType = sourcecode.swift; path = SearchBar.swift; sourceTree = "<group>"; };
		A335DDDA2BFCBFC3004C6A1F /* CustomCell.swift */ = {isa = PBXFileReference; lastKnownFileType = sourcecode.swift; path = CustomCell.swift; sourceTree = "<group>"; };
		A346C1C02BE14BC500446F3F /* Location.swift */ = {isa = PBXFileReference; lastKnownFileType = sourcecode.swift; path = Location.swift; sourceTree = "<group>"; };
		A346C1C22BE14CC600446F3F /* Episode.swift */ = {isa = PBXFileReference; lastKnownFileType = sourcecode.swift; path = Episode.swift; sourceTree = "<group>"; };
		A371AB852C0DE17100C4935E /* LoadMoreButton.swift */ = {isa = PBXFileReference; lastKnownFileType = sourcecode.swift; path = LoadMoreButton.swift; sourceTree = "<group>"; };
		A3A826162C10D8FD00CD3249 /* FilterCharacterSheetContentView.swift */ = {isa = PBXFileReference; lastKnownFileType = sourcecode.swift; path = FilterCharacterSheetContentView.swift; sourceTree = "<group>"; };
		A3A826182C10E44700CD3249 /* FilterLocationSheetContentView.swift */ = {isa = PBXFileReference; lastKnownFileType = sourcecode.swift; path = FilterLocationSheetContentView.swift; sourceTree = "<group>"; };
		A3A8261A2C10E45A00CD3249 /* FilterEpisodeSheetContentView.swift */ = {isa = PBXFileReference; lastKnownFileType = sourcecode.swift; path = FilterEpisodeSheetContentView.swift; sourceTree = "<group>"; };
		A3A826212C10E56500CD3249 /* TabBarView.swift */ = {isa = PBXFileReference; lastKnownFileType = sourcecode.swift; path = TabBarView.swift; sourceTree = "<group>"; };
		A3A826232C10EB3300CD3249 /* RootView.swift */ = {isa = PBXFileReference; lastKnownFileType = sourcecode.swift; path = RootView.swift; sourceTree = "<group>"; };
		A3A826272C10EC5200CD3249 /* LocationsView.swift */ = {isa = PBXFileReference; lastKnownFileType = sourcecode.swift; path = LocationsView.swift; sourceTree = "<group>"; };
		A3A826292C10EC5B00CD3249 /* EpisodesView.swift */ = {isa = PBXFileReference; lastKnownFileType = sourcecode.swift; path = EpisodesView.swift; sourceTree = "<group>"; };
/* End PBXFileReference section */

/* Begin PBXFrameworksBuildPhase section */
		A31959162BE02B6000CCE131 /* Frameworks */ = {
			isa = PBXFrameworksBuildPhase;
			buildActionMask = 2147483647;
			files = (
				A346C1CB2BE164B500446F3F /* CachedAsyncImage in Frameworks */,
			);
			runOnlyForDeploymentPostprocessing = 0;
		};
		A31959262BE02B6100CCE131 /* Frameworks */ = {
			isa = PBXFrameworksBuildPhase;
			buildActionMask = 2147483647;
			files = (
			);
			runOnlyForDeploymentPostprocessing = 0;
		};
		A31959302BE02B6100CCE131 /* Frameworks */ = {
			isa = PBXFrameworksBuildPhase;
			buildActionMask = 2147483647;
			files = (
			);
			runOnlyForDeploymentPostprocessing = 0;
		};
/* End PBXFrameworksBuildPhase section */

/* Begin PBXGroup section */
		A31959102BE02B6000CCE131 = {
			isa = PBXGroup;
			children = (
				A319591B2BE02B6000CCE131 /* RickAndMorty */,
				A319592C2BE02B6100CCE131 /* RickAndMortyTests */,
				A31959362BE02B6100CCE131 /* RickAndMortyUITests */,
				A319591A2BE02B6000CCE131 /* Products */,
			);
			sourceTree = "<group>";
		};
		A319591A2BE02B6000CCE131 /* Products */ = {
			isa = PBXGroup;
			children = (
				A31959192BE02B6000CCE131 /* RickAndMorty.app */,
				A31959292BE02B6100CCE131 /* RickAndMortyTests.xctest */,
				A31959332BE02B6100CCE131 /* RickAndMortyUITests.xctest */,
			);
			name = Products;
			sourceTree = "<group>";
		};
		A319591B2BE02B6000CCE131 /* RickAndMorty */ = {
			isa = PBXGroup;
			children = (
				A335DDD02BFCAFBF004C6A1F /* Info.plist */,
				A335DDC42BFCA8F9004C6A1F /* Extension */,
				A319594A2BE02C7A00CCE131 /* Global */,
				A31959592BE02CDF00CCE131 /* Model */,
				A31959492BE02C7100CCE131 /* Network */,
				A31959482BE02C6A00CCE131 /* UI */,
				A31959472BE02B7300CCE131 /* Resources */,
				A31959462BE02B6F00CCE131 /* App */,
				A31959222BE02B6100CCE131 /* Preview Content */,
			);
			path = RickAndMorty;
			sourceTree = "<group>";
		};
		A31959222BE02B6100CCE131 /* Preview Content */ = {
			isa = PBXGroup;
			children = (
				A31959232BE02B6100CCE131 /* Preview Assets.xcassets */,
			);
			path = "Preview Content";
			sourceTree = "<group>";
		};
		A319592C2BE02B6100CCE131 /* RickAndMortyTests */ = {
			isa = PBXGroup;
			children = (
				A319592D2BE02B6100CCE131 /* RickAndMortyTests.swift */,
			);
			path = RickAndMortyTests;
			sourceTree = "<group>";
		};
		A31959362BE02B6100CCE131 /* RickAndMortyUITests */ = {
			isa = PBXGroup;
			children = (
				A31959372BE02B6100CCE131 /* RickAndMortyUITests.swift */,
				A31959392BE02B6100CCE131 /* RickAndMortyUITestsLaunchTests.swift */,
			);
			path = RickAndMortyUITests;
			sourceTree = "<group>";
		};
		A31959462BE02B6F00CCE131 /* App */ = {
			isa = PBXGroup;
			children = (
				A319591C2BE02B6000CCE131 /* RickAndMortyApp.swift */,
			);
			path = App;
			sourceTree = "<group>";
		};
		A31959472BE02B7300CCE131 /* Resources */ = {
			isa = PBXGroup;
			children = (
				A335DDCE2BFCAF6F004C6A1F /* Nunito-Bold.ttf */,
				A335DDCB2BFCAF4F004C6A1F /* Nunito-Medium.ttf */,
				A335DDC92BFCAF3D004C6A1F /* Nunito-Regular.ttf */,
				A31959202BE02B6100CCE131 /* Assets.xcassets */,
			);
			path = Resources;
			sourceTree = "<group>";
		};
		A31959482BE02C6A00CCE131 /* UI */ = {
			isa = PBXGroup;
			children = (
				A335DDD32BFCB2CE004C6A1F /* LaunchScreen */,
				A3A826202C10E53600CD3249 /* Root */,
				A346C1C52BE15C3800446F3F /* Home */,
				A3A826252C10EC2900CD3249 /* Locations */,
				A3A826262C10EC3D00CD3249 /* Episodes */,
				A3A8261C2C10E47100CD3249 /* Detail */,
				A3A826152C10D8CF00CD3249 /* Filter */,
				A346C1C42BE15C2F00446F3F /* Components */,
			);
			path = UI;
			sourceTree = "<group>";
		};
		A31959492BE02C7100CCE131 /* Network */ = {
			isa = PBXGroup;
			children = (
				A319594D2BE02C9300CCE131 /* NetworkManager.swift */,
				A319594F2BE02C9E00CCE131 /* Networker.swift */,
			);
			path = Network;
			sourceTree = "<group>";
		};
		A319594A2BE02C7A00CCE131 /* Global */ = {
			isa = PBXGroup;
			children = (
				A319594B2BE02C8400CCE131 /* Globals.swift */,
			);
			path = Global;
			sourceTree = "<group>";
		};
		A31959512BE02CA900CCE131 /* ViewModel */ = {
			isa = PBXGroup;
			children = (
				A31959542BE02CC200CCE131 /* HomeViewInteractor.swift */,
				A31959522BE02CB800CCE131 /* HomeViewModel.swift */,
			);
			path = ViewModel;
			sourceTree = "<group>";
		};
		A31959562BE02CC700CCE131 /* View */ = {
			isa = PBXGroup;
			children = (
				A319595C2BE02D3900CCE131 /* HomeView.swift */,
			);
			path = View;
			sourceTree = "<group>";
		};
		A31959592BE02CDF00CCE131 /* Model */ = {
			isa = PBXGroup;
			children = (
				A319595A2BE02CED00CCE131 /* CharacterModel.swift */,
				A346C1C02BE14BC500446F3F /* Location.swift */,
				A346C1C22BE14CC600446F3F /* Episode.swift */,
			);
			path = Model;
			sourceTree = "<group>";
		};
		A335DDC42BFCA8F9004C6A1F /* Extension */ = {
			isa = PBXGroup;
			children = (
				A335DDC52BFCA906004C6A1F /* Color.swift */,
				A335DDC72BFCAA72004C6A1F /* Font.swift */,
			);
			path = Extension;
			sourceTree = "<group>";
		};
		A335DDD32BFCB2CE004C6A1F /* LaunchScreen */ = {
			isa = PBXGroup;
			children = (
				A335DDD62BFCB315004C6A1F /* LaunchScreenView.swift */,
			);
			path = LaunchScreen;
			sourceTree = "<group>";
		};
		A346C1C42BE15C2F00446F3F /* Components */ = {
			isa = PBXGroup;
			children = (
				A335DDD82BFCB834004C6A1F /* SearchBar.swift */,
				A335DDDA2BFCBFC3004C6A1F /* CustomCell.swift */,
				A371AB852C0DE17100C4935E /* LoadMoreButton.swift */,
				A3046ECD2C0F350100524EB4 /* SelectCustom.swift */,
				A3A826212C10E56500CD3249 /* TabBarView.swift */,
			);
			path = Components;
			sourceTree = "<group>";
		};
		A346C1C52BE15C3800446F3F /* Home */ = {
			isa = PBXGroup;
			children = (
				A31959562BE02CC700CCE131 /* View */,
				A31959512BE02CA900CCE131 /* ViewModel */,
			);
			path = Home;
			sourceTree = "<group>";
		};
		A3A826152C10D8CF00CD3249 /* Filter */ = {
			isa = PBXGroup;
			children = (
				A3A826162C10D8FD00CD3249 /* FilterCharacterSheetContentView.swift */,
				A3A826182C10E44700CD3249 /* FilterLocationSheetContentView.swift */,
				A3A8261A2C10E45A00CD3249 /* FilterEpisodeSheetContentView.swift */,
			);
			path = Filter;
			sourceTree = "<group>";
		};
		A3A8261C2C10E47100CD3249 /* Detail */ = {
			isa = PBXGroup;
			children = (
				A3A8261D2C10E47900CD3249 /* Character */,
				A3A8261F2C10E48500CD3249 /* Location */,
				A3A8261E2C10E47F00CD3249 /* Episode */,
			);
			path = Detail;
			sourceTree = "<group>";
		};
		A3A8261D2C10E47900CD3249 /* Character */ = {
			isa = PBXGroup;
			children = (
			);
			path = Character;
			sourceTree = "<group>";
		};
		A3A8261E2C10E47F00CD3249 /* Episode */ = {
			isa = PBXGroup;
			children = (
			);
			path = Episode;
			sourceTree = "<group>";
		};
		A3A8261F2C10E48500CD3249 /* Location */ = {
			isa = PBXGroup;
			children = (
			);
			path = Location;
			sourceTree = "<group>";
		};
		A3A826202C10E53600CD3249 /* Root */ = {
			isa = PBXGroup;
			children = (
				A3A826232C10EB3300CD3249 /* RootView.swift */,
			);
			path = Root;
			sourceTree = "<group>";
		};
		A3A826252C10EC2900CD3249 /* Locations */ = {
			isa = PBXGroup;
			children = (
				A3A826272C10EC5200CD3249 /* LocationsView.swift */,
			);
			path = Locations;
			sourceTree = "<group>";
		};
		A3A826262C10EC3D00CD3249 /* Episodes */ = {
			isa = PBXGroup;
			children = (
				A3A826292C10EC5B00CD3249 /* EpisodesView.swift */,
			);
			path = Episodes;
			sourceTree = "<group>";
		};
/* End PBXGroup section */

/* Begin PBXNativeTarget section */
		A31959182BE02B6000CCE131 /* RickAndMorty */ = {
			isa = PBXNativeTarget;
			buildConfigurationList = A319593D2BE02B6100CCE131 /* Build configuration list for PBXNativeTarget "RickAndMorty" */;
			buildPhases = (
				A31959152BE02B6000CCE131 /* Sources */,
				A31959162BE02B6000CCE131 /* Frameworks */,
				A31959172BE02B6000CCE131 /* Resources */,
			);
			buildRules = (
			);
			dependencies = (
			);
			name = RickAndMorty;
			packageProductDependencies = (
				A346C1CA2BE164B500446F3F /* CachedAsyncImage */,
			);
			productName = RickAndMorty;
			productReference = A31959192BE02B6000CCE131 /* RickAndMorty.app */;
			productType = "com.apple.product-type.application";
		};
		A31959282BE02B6100CCE131 /* RickAndMortyTests */ = {
			isa = PBXNativeTarget;
			buildConfigurationList = A31959402BE02B6100CCE131 /* Build configuration list for PBXNativeTarget "RickAndMortyTests" */;
			buildPhases = (
				A31959252BE02B6100CCE131 /* Sources */,
				A31959262BE02B6100CCE131 /* Frameworks */,
				A31959272BE02B6100CCE131 /* Resources */,
			);
			buildRules = (
			);
			dependencies = (
				A319592B2BE02B6100CCE131 /* PBXTargetDependency */,
			);
			name = RickAndMortyTests;
			productName = RickAndMortyTests;
			productReference = A31959292BE02B6100CCE131 /* RickAndMortyTests.xctest */;
			productType = "com.apple.product-type.bundle.unit-test";
		};
		A31959322BE02B6100CCE131 /* RickAndMortyUITests */ = {
			isa = PBXNativeTarget;
			buildConfigurationList = A31959432BE02B6100CCE131 /* Build configuration list for PBXNativeTarget "RickAndMortyUITests" */;
			buildPhases = (
				A319592F2BE02B6100CCE131 /* Sources */,
				A31959302BE02B6100CCE131 /* Frameworks */,
				A31959312BE02B6100CCE131 /* Resources */,
			);
			buildRules = (
			);
			dependencies = (
				A31959352BE02B6100CCE131 /* PBXTargetDependency */,
			);
			name = RickAndMortyUITests;
			productName = RickAndMortyUITests;
			productReference = A31959332BE02B6100CCE131 /* RickAndMortyUITests.xctest */;
			productType = "com.apple.product-type.bundle.ui-testing";
		};
/* End PBXNativeTarget section */

/* Begin PBXProject section */
		A31959112BE02B6000CCE131 /* Project object */ = {
			isa = PBXProject;
			attributes = {
				BuildIndependentTargetsInParallel = 1;
				LastSwiftUpdateCheck = 1530;
				LastUpgradeCheck = 1530;
				TargetAttributes = {
					A31959182BE02B6000CCE131 = {
						CreatedOnToolsVersion = 15.3;
					};
					A31959282BE02B6100CCE131 = {
						CreatedOnToolsVersion = 15.3;
						TestTargetID = A31959182BE02B6000CCE131;
					};
					A31959322BE02B6100CCE131 = {
						CreatedOnToolsVersion = 15.3;
						TestTargetID = A31959182BE02B6000CCE131;
					};
				};
			};
			buildConfigurationList = A31959142BE02B6000CCE131 /* Build configuration list for PBXProject "RickAndMorty" */;
			compatibilityVersion = "Xcode 14.0";
			developmentRegion = en;
			hasScannedForEncodings = 0;
			knownRegions = (
				en,
				Base,
			);
			mainGroup = A31959102BE02B6000CCE131;
			packageReferences = (
				A346C1C92BE164B500446F3F /* XCRemoteSwiftPackageReference "swiftui-cached-async-image" */,
			);
			productRefGroup = A319591A2BE02B6000CCE131 /* Products */;
			projectDirPath = "";
			projectRoot = "";
			targets = (
				A31959182BE02B6000CCE131 /* RickAndMorty */,
				A31959282BE02B6100CCE131 /* RickAndMortyTests */,
				A31959322BE02B6100CCE131 /* RickAndMortyUITests */,
			);
		};
/* End PBXProject section */

/* Begin PBXResourcesBuildPhase section */
		A31959172BE02B6000CCE131 /* Resources */ = {
			isa = PBXResourcesBuildPhase;
			buildActionMask = 2147483647;
			files = (
				A335DDCC2BFCAF4F004C6A1F /* Nunito-Medium.ttf in Resources */,
				A335DDCF2BFCAF6F004C6A1F /* Nunito-Bold.ttf in Resources */,
				A335DDCA2BFCAF3D004C6A1F /* Nunito-Regular.ttf in Resources */,
				A31959242BE02B6100CCE131 /* Preview Assets.xcassets in Resources */,
				A31959212BE02B6100CCE131 /* Assets.xcassets in Resources */,
			);
			runOnlyForDeploymentPostprocessing = 0;
		};
		A31959272BE02B6100CCE131 /* Resources */ = {
			isa = PBXResourcesBuildPhase;
			buildActionMask = 2147483647;
			files = (
			);
			runOnlyForDeploymentPostprocessing = 0;
		};
		A31959312BE02B6100CCE131 /* Resources */ = {
			isa = PBXResourcesBuildPhase;
			buildActionMask = 2147483647;
			files = (
			);
			runOnlyForDeploymentPostprocessing = 0;
		};
/* End PBXResourcesBuildPhase section */

/* Begin PBXSourcesBuildPhase section */
		A31959152BE02B6000CCE131 /* Sources */ = {
			isa = PBXSourcesBuildPhase;
			buildActionMask = 2147483647;
			files = (
				A3A826172C10D8FD00CD3249 /* FilterCharacterSheetContentView.swift in Sources */,
				A319595B2BE02CED00CCE131 /* CharacterModel.swift in Sources */,
				A31959502BE02C9E00CCE131 /* Networker.swift in Sources */,
				A3046ECE2C0F350100524EB4 /* SelectCustom.swift in Sources */,
				A335DDD92BFCB834004C6A1F /* SearchBar.swift in Sources */,
				A31959532BE02CB800CCE131 /* HomeViewModel.swift in Sources */,
				A346C1C32BE14CC600446F3F /* Episode.swift in Sources */,
				A319594E2BE02C9300CCE131 /* NetworkManager.swift in Sources */,
				A3A8261B2C10E45A00CD3249 /* FilterEpisodeSheetContentView.swift in Sources */,
				A3A826192C10E44700CD3249 /* FilterLocationSheetContentView.swift in Sources */,
				A3A826282C10EC5200CD3249 /* LocationsView.swift in Sources */,
				A3A826242C10EB3300CD3249 /* RootView.swift in Sources */,
				A3A8262A2C10EC5B00CD3249 /* EpisodesView.swift in Sources */,
				A335DDDB2BFCBFC3004C6A1F /* CustomCell.swift in Sources */,
				A335DDC62BFCA906004C6A1F /* Color.swift in Sources */,
				A335DDC82BFCAA72004C6A1F /* Font.swift in Sources */,
				A346C1C12BE14BC500446F3F /* Location.swift in Sources */,
				A335DDD72BFCB315004C6A1F /* LaunchScreenView.swift in Sources */,
				A31959552BE02CC200CCE131 /* HomeViewInteractor.swift in Sources */,
				A3A826222C10E56500CD3249 /* TabBarView.swift in Sources */,
				A319595D2BE02D3900CCE131 /* HomeView.swift in Sources */,
				A319591D2BE02B6000CCE131 /* RickAndMortyApp.swift in Sources */,
				A371AB862C0DE17100C4935E /* LoadMoreButton.swift in Sources */,
				A319594C2BE02C8400CCE131 /* Globals.swift in Sources */,
			);
			runOnlyForDeploymentPostprocessing = 0;
		};
		A31959252BE02B6100CCE131 /* Sources */ = {
			isa = PBXSourcesBuildPhase;
			buildActionMask = 2147483647;
			files = (
				A319592E2BE02B6100CCE131 /* RickAndMortyTests.swift in Sources */,
			);
			runOnlyForDeploymentPostprocessing = 0;
		};
		A319592F2BE02B6100CCE131 /* Sources */ = {
			isa = PBXSourcesBuildPhase;
			buildActionMask = 2147483647;
			files = (
				A31959382BE02B6100CCE131 /* RickAndMortyUITests.swift in Sources */,
				A319593A2BE02B6100CCE131 /* RickAndMortyUITestsLaunchTests.swift in Sources */,
			);
			runOnlyForDeploymentPostprocessing = 0;
		};
/* End PBXSourcesBuildPhase section */

/* Begin PBXTargetDependency section */
		A319592B2BE02B6100CCE131 /* PBXTargetDependency */ = {
			isa = PBXTargetDependency;
			target = A31959182BE02B6000CCE131 /* RickAndMorty */;
			targetProxy = A319592A2BE02B6100CCE131 /* PBXContainerItemProxy */;
		};
		A31959352BE02B6100CCE131 /* PBXTargetDependency */ = {
			isa = PBXTargetDependency;
			target = A31959182BE02B6000CCE131 /* RickAndMorty */;
			targetProxy = A31959342BE02B6100CCE131 /* PBXContainerItemProxy */;
		};
/* End PBXTargetDependency section */

/* Begin XCBuildConfiguration section */
		A319593B2BE02B6100CCE131 /* Debug */ = {
			isa = XCBuildConfiguration;
			buildSettings = {
				ALWAYS_SEARCH_USER_PATHS = NO;
				ASSETCATALOG_COMPILER_GENERATE_SWIFT_ASSET_SYMBOL_EXTENSIONS = YES;
				CLANG_ANALYZER_NONNULL = YES;
				CLANG_ANALYZER_NUMBER_OBJECT_CONVERSION = YES_AGGRESSIVE;
				CLANG_CXX_LANGUAGE_STANDARD = "gnu++20";
				CLANG_ENABLE_MODULES = YES;
				CLANG_ENABLE_OBJC_ARC = YES;
				CLANG_ENABLE_OBJC_WEAK = YES;
				CLANG_WARN_BLOCK_CAPTURE_AUTORELEASING = YES;
				CLANG_WARN_BOOL_CONVERSION = YES;
				CLANG_WARN_COMMA = YES;
				CLANG_WARN_CONSTANT_CONVERSION = YES;
				CLANG_WARN_DEPRECATED_OBJC_IMPLEMENTATIONS = YES;
				CLANG_WARN_DIRECT_OBJC_ISA_USAGE = YES_ERROR;
				CLANG_WARN_DOCUMENTATION_COMMENTS = YES;
				CLANG_WARN_EMPTY_BODY = YES;
				CLANG_WARN_ENUM_CONVERSION = YES;
				CLANG_WARN_INFINITE_RECURSION = YES;
				CLANG_WARN_INT_CONVERSION = YES;
				CLANG_WARN_NON_LITERAL_NULL_CONVERSION = YES;
				CLANG_WARN_OBJC_IMPLICIT_RETAIN_SELF = YES;
				CLANG_WARN_OBJC_LITERAL_CONVERSION = YES;
				CLANG_WARN_OBJC_ROOT_CLASS = YES_ERROR;
				CLANG_WARN_QUOTED_INCLUDE_IN_FRAMEWORK_HEADER = YES;
				CLANG_WARN_RANGE_LOOP_ANALYSIS = YES;
				CLANG_WARN_STRICT_PROTOTYPES = YES;
				CLANG_WARN_SUSPICIOUS_MOVE = YES;
				CLANG_WARN_UNGUARDED_AVAILABILITY = YES_AGGRESSIVE;
				CLANG_WARN_UNREACHABLE_CODE = YES;
				CLANG_WARN__DUPLICATE_METHOD_MATCH = YES;
				COPY_PHASE_STRIP = NO;
				DEBUG_INFORMATION_FORMAT = dwarf;
				ENABLE_STRICT_OBJC_MSGSEND = YES;
				ENABLE_TESTABILITY = YES;
				ENABLE_USER_SCRIPT_SANDBOXING = YES;
				GCC_C_LANGUAGE_STANDARD = gnu17;
				GCC_DYNAMIC_NO_PIC = NO;
				GCC_NO_COMMON_BLOCKS = YES;
				GCC_OPTIMIZATION_LEVEL = 0;
				GCC_PREPROCESSOR_DEFINITIONS = (
					"DEBUG=1",
					"$(inherited)",
				);
				GCC_WARN_64_TO_32_BIT_CONVERSION = YES;
				GCC_WARN_ABOUT_RETURN_TYPE = YES_ERROR;
				GCC_WARN_UNDECLARED_SELECTOR = YES;
				GCC_WARN_UNINITIALIZED_AUTOS = YES_AGGRESSIVE;
				GCC_WARN_UNUSED_FUNCTION = YES;
				GCC_WARN_UNUSED_VARIABLE = YES;
				IPHONEOS_DEPLOYMENT_TARGET = 17.4;
				LOCALIZATION_PREFERS_STRING_CATALOGS = YES;
				MTL_ENABLE_DEBUG_INFO = INCLUDE_SOURCE;
				MTL_FAST_MATH = YES;
				ONLY_ACTIVE_ARCH = YES;
				SDKROOT = iphoneos;
				SWIFT_ACTIVE_COMPILATION_CONDITIONS = "DEBUG $(inherited)";
				SWIFT_OPTIMIZATION_LEVEL = "-Onone";
			};
			name = Debug;
		};
		A319593C2BE02B6100CCE131 /* Release */ = {
			isa = XCBuildConfiguration;
			buildSettings = {
				ALWAYS_SEARCH_USER_PATHS = NO;
				ASSETCATALOG_COMPILER_GENERATE_SWIFT_ASSET_SYMBOL_EXTENSIONS = YES;
				CLANG_ANALYZER_NONNULL = YES;
				CLANG_ANALYZER_NUMBER_OBJECT_CONVERSION = YES_AGGRESSIVE;
				CLANG_CXX_LANGUAGE_STANDARD = "gnu++20";
				CLANG_ENABLE_MODULES = YES;
				CLANG_ENABLE_OBJC_ARC = YES;
				CLANG_ENABLE_OBJC_WEAK = YES;
				CLANG_WARN_BLOCK_CAPTURE_AUTORELEASING = YES;
				CLANG_WARN_BOOL_CONVERSION = YES;
				CLANG_WARN_COMMA = YES;
				CLANG_WARN_CONSTANT_CONVERSION = YES;
				CLANG_WARN_DEPRECATED_OBJC_IMPLEMENTATIONS = YES;
				CLANG_WARN_DIRECT_OBJC_ISA_USAGE = YES_ERROR;
				CLANG_WARN_DOCUMENTATION_COMMENTS = YES;
				CLANG_WARN_EMPTY_BODY = YES;
				CLANG_WARN_ENUM_CONVERSION = YES;
				CLANG_WARN_INFINITE_RECURSION = YES;
				CLANG_WARN_INT_CONVERSION = YES;
				CLANG_WARN_NON_LITERAL_NULL_CONVERSION = YES;
				CLANG_WARN_OBJC_IMPLICIT_RETAIN_SELF = YES;
				CLANG_WARN_OBJC_LITERAL_CONVERSION = YES;
				CLANG_WARN_OBJC_ROOT_CLASS = YES_ERROR;
				CLANG_WARN_QUOTED_INCLUDE_IN_FRAMEWORK_HEADER = YES;
				CLANG_WARN_RANGE_LOOP_ANALYSIS = YES;
				CLANG_WARN_STRICT_PROTOTYPES = YES;
				CLANG_WARN_SUSPICIOUS_MOVE = YES;
				CLANG_WARN_UNGUARDED_AVAILABILITY = YES_AGGRESSIVE;
				CLANG_WARN_UNREACHABLE_CODE = YES;
				CLANG_WARN__DUPLICATE_METHOD_MATCH = YES;
				COPY_PHASE_STRIP = NO;
				DEBUG_INFORMATION_FORMAT = "dwarf-with-dsym";
				ENABLE_NS_ASSERTIONS = NO;
				ENABLE_STRICT_OBJC_MSGSEND = YES;
				ENABLE_USER_SCRIPT_SANDBOXING = YES;
				GCC_C_LANGUAGE_STANDARD = gnu17;
				GCC_NO_COMMON_BLOCKS = YES;
				GCC_WARN_64_TO_32_BIT_CONVERSION = YES;
				GCC_WARN_ABOUT_RETURN_TYPE = YES_ERROR;
				GCC_WARN_UNDECLARED_SELECTOR = YES;
				GCC_WARN_UNINITIALIZED_AUTOS = YES_AGGRESSIVE;
				GCC_WARN_UNUSED_FUNCTION = YES;
				GCC_WARN_UNUSED_VARIABLE = YES;
				IPHONEOS_DEPLOYMENT_TARGET = 17.4;
				LOCALIZATION_PREFERS_STRING_CATALOGS = YES;
				MTL_ENABLE_DEBUG_INFO = NO;
				MTL_FAST_MATH = YES;
				SDKROOT = iphoneos;
				SWIFT_COMPILATION_MODE = wholemodule;
				VALIDATE_PRODUCT = YES;
			};
			name = Release;
		};
		A319593E2BE02B6100CCE131 /* Debug */ = {
			isa = XCBuildConfiguration;
			buildSettings = {
				ASSETCATALOG_COMPILER_APPICON_NAME = AppIcon;
				ASSETCATALOG_COMPILER_GLOBAL_ACCENT_COLOR_NAME = AccentColor;
				CODE_SIGN_STYLE = Automatic;
				CURRENT_PROJECT_VERSION = 1;
				DEVELOPMENT_ASSET_PATHS = "\"RickAndMorty/Preview Content\"";
				DEVELOPMENT_TEAM = JZ6GNTPXDT;
				ENABLE_PREVIEWS = YES;
				GENERATE_INFOPLIST_FILE = YES;
				INFOPLIST_FILE = RickAndMorty/Info.plist;
				INFOPLIST_KEY_UIApplicationSceneManifest_Generation = YES;
				INFOPLIST_KEY_UIApplicationSupportsIndirectInputEvents = YES;
				INFOPLIST_KEY_UILaunchScreen_Generation = YES;
				INFOPLIST_KEY_UISupportedInterfaceOrientations_iPad = "UIInterfaceOrientationPortrait UIInterfaceOrientationPortraitUpsideDown UIInterfaceOrientationLandscapeLeft UIInterfaceOrientationLandscapeRight";
				INFOPLIST_KEY_UISupportedInterfaceOrientations_iPhone = "UIInterfaceOrientationPortrait UIInterfaceOrientationLandscapeLeft UIInterfaceOrientationLandscapeRight";
				LD_RUNPATH_SEARCH_PATHS = (
					"$(inherited)",
					"@executable_path/Frameworks",
				);
				MARKETING_VERSION = 1.0;
				PRODUCT_BUNDLE_IDENTIFIER = com.demo.pablomarin.RickAndMorty;
				PRODUCT_NAME = "$(TARGET_NAME)";
				SWIFT_EMIT_LOC_STRINGS = YES;
				SWIFT_VERSION = 5.0;
				TARGETED_DEVICE_FAMILY = "1,2";
			};
			name = Debug;
		};
		A319593F2BE02B6100CCE131 /* Release */ = {
			isa = XCBuildConfiguration;
			buildSettings = {
				ASSETCATALOG_COMPILER_APPICON_NAME = AppIcon;
				ASSETCATALOG_COMPILER_GLOBAL_ACCENT_COLOR_NAME = AccentColor;
				CODE_SIGN_STYLE = Automatic;
				CURRENT_PROJECT_VERSION = 1;
				DEVELOPMENT_ASSET_PATHS = "\"RickAndMorty/Preview Content\"";
				DEVELOPMENT_TEAM = JZ6GNTPXDT;
				ENABLE_PREVIEWS = YES;
				GENERATE_INFOPLIST_FILE = YES;
				INFOPLIST_FILE = RickAndMorty/Info.plist;
				INFOPLIST_KEY_UIApplicationSceneManifest_Generation = YES;
				INFOPLIST_KEY_UIApplicationSupportsIndirectInputEvents = YES;
				INFOPLIST_KEY_UILaunchScreen_Generation = YES;
				INFOPLIST_KEY_UISupportedInterfaceOrientations_iPad = "UIInterfaceOrientationPortrait UIInterfaceOrientationPortraitUpsideDown UIInterfaceOrientationLandscapeLeft UIInterfaceOrientationLandscapeRight";
				INFOPLIST_KEY_UISupportedInterfaceOrientations_iPhone = "UIInterfaceOrientationPortrait UIInterfaceOrientationLandscapeLeft UIInterfaceOrientationLandscapeRight";
				LD_RUNPATH_SEARCH_PATHS = (
					"$(inherited)",
					"@executable_path/Frameworks",
				);
				MARKETING_VERSION = 1.0;
				PRODUCT_BUNDLE_IDENTIFIER = com.demo.pablomarin.RickAndMorty;
				PRODUCT_NAME = "$(TARGET_NAME)";
				SWIFT_EMIT_LOC_STRINGS = YES;
				SWIFT_VERSION = 5.0;
				TARGETED_DEVICE_FAMILY = "1,2";
			};
			name = Release;
		};
		A31959412BE02B6100CCE131 /* Debug */ = {
			isa = XCBuildConfiguration;
			buildSettings = {
				ALWAYS_EMBED_SWIFT_STANDARD_LIBRARIES = YES;
				BUNDLE_LOADER = "$(TEST_HOST)";
				CODE_SIGN_STYLE = Automatic;
				CURRENT_PROJECT_VERSION = 1;
				DEVELOPMENT_TEAM = JZ6GNTPXDT;
				GENERATE_INFOPLIST_FILE = YES;
				IPHONEOS_DEPLOYMENT_TARGET = 17.4;
				MARKETING_VERSION = 1.0;
				PRODUCT_BUNDLE_IDENTIFIER = com.demo.pablomarin.RickAndMortyTests;
				PRODUCT_NAME = "$(TARGET_NAME)";
				SWIFT_EMIT_LOC_STRINGS = NO;
				SWIFT_VERSION = 5.0;
				TARGETED_DEVICE_FAMILY = "1,2";
				TEST_HOST = "$(BUILT_PRODUCTS_DIR)/RickAndMorty.app/$(BUNDLE_EXECUTABLE_FOLDER_PATH)/RickAndMorty";
			};
			name = Debug;
		};
		A31959422BE02B6100CCE131 /* Release */ = {
			isa = XCBuildConfiguration;
			buildSettings = {
				ALWAYS_EMBED_SWIFT_STANDARD_LIBRARIES = YES;
				BUNDLE_LOADER = "$(TEST_HOST)";
				CODE_SIGN_STYLE = Automatic;
				CURRENT_PROJECT_VERSION = 1;
				DEVELOPMENT_TEAM = JZ6GNTPXDT;
				GENERATE_INFOPLIST_FILE = YES;
				IPHONEOS_DEPLOYMENT_TARGET = 17.4;
				MARKETING_VERSION = 1.0;
				PRODUCT_BUNDLE_IDENTIFIER = com.demo.pablomarin.RickAndMortyTests;
				PRODUCT_NAME = "$(TARGET_NAME)";
				SWIFT_EMIT_LOC_STRINGS = NO;
				SWIFT_VERSION = 5.0;
				TARGETED_DEVICE_FAMILY = "1,2";
				TEST_HOST = "$(BUILT_PRODUCTS_DIR)/RickAndMorty.app/$(BUNDLE_EXECUTABLE_FOLDER_PATH)/RickAndMorty";
			};
			name = Release;
		};
		A31959442BE02B6100CCE131 /* Debug */ = {
			isa = XCBuildConfiguration;
			buildSettings = {
				ALWAYS_EMBED_SWIFT_STANDARD_LIBRARIES = YES;
				CODE_SIGN_STYLE = Automatic;
				CURRENT_PROJECT_VERSION = 1;
				DEVELOPMENT_TEAM = JZ6GNTPXDT;
				GENERATE_INFOPLIST_FILE = YES;
				MARKETING_VERSION = 1.0;
				PRODUCT_BUNDLE_IDENTIFIER = com.demo.pablomarin.RickAndMortyUITests;
				PRODUCT_NAME = "$(TARGET_NAME)";
				SWIFT_EMIT_LOC_STRINGS = NO;
				SWIFT_VERSION = 5.0;
				TARGETED_DEVICE_FAMILY = "1,2";
				TEST_TARGET_NAME = RickAndMorty;
			};
			name = Debug;
		};
		A31959452BE02B6100CCE131 /* Release */ = {
			isa = XCBuildConfiguration;
			buildSettings = {
				ALWAYS_EMBED_SWIFT_STANDARD_LIBRARIES = YES;
				CODE_SIGN_STYLE = Automatic;
				CURRENT_PROJECT_VERSION = 1;
				DEVELOPMENT_TEAM = JZ6GNTPXDT;
				GENERATE_INFOPLIST_FILE = YES;
				MARKETING_VERSION = 1.0;
				PRODUCT_BUNDLE_IDENTIFIER = com.demo.pablomarin.RickAndMortyUITests;
				PRODUCT_NAME = "$(TARGET_NAME)";
				SWIFT_EMIT_LOC_STRINGS = NO;
				SWIFT_VERSION = 5.0;
				TARGETED_DEVICE_FAMILY = "1,2";
				TEST_TARGET_NAME = RickAndMorty;
			};
			name = Release;
		};
/* End XCBuildConfiguration section */

/* Begin XCConfigurationList section */
		A31959142BE02B6000CCE131 /* Build configuration list for PBXProject "RickAndMorty" */ = {
			isa = XCConfigurationList;
			buildConfigurations = (
				A319593B2BE02B6100CCE131 /* Debug */,
				A319593C2BE02B6100CCE131 /* Release */,
			);
			defaultConfigurationIsVisible = 0;
			defaultConfigurationName = Release;
		};
		A319593D2BE02B6100CCE131 /* Build configuration list for PBXNativeTarget "RickAndMorty" */ = {
			isa = XCConfigurationList;
			buildConfigurations = (
				A319593E2BE02B6100CCE131 /* Debug */,
				A319593F2BE02B6100CCE131 /* Release */,
			);
			defaultConfigurationIsVisible = 0;
			defaultConfigurationName = Release;
		};
		A31959402BE02B6100CCE131 /* Build configuration list for PBXNativeTarget "RickAndMortyTests" */ = {
			isa = XCConfigurationList;
			buildConfigurations = (
				A31959412BE02B6100CCE131 /* Debug */,
				A31959422BE02B6100CCE131 /* Release */,
			);
			defaultConfigurationIsVisible = 0;
			defaultConfigurationName = Release;
		};
		A31959432BE02B6100CCE131 /* Build configuration list for PBXNativeTarget "RickAndMortyUITests" */ = {
			isa = XCConfigurationList;
			buildConfigurations = (
				A31959442BE02B6100CCE131 /* Debug */,
				A31959452BE02B6100CCE131 /* Release */,
			);
			defaultConfigurationIsVisible = 0;
			defaultConfigurationName = Release;
		};
/* End XCConfigurationList section */

/* Begin XCRemoteSwiftPackageReference section */
		A346C1C92BE164B500446F3F /* XCRemoteSwiftPackageReference "swiftui-cached-async-image" */ = {
			isa = XCRemoteSwiftPackageReference;
			repositoryURL = "https://github.com/lorenzofiamingo/swiftui-cached-async-image";
			requirement = {
				kind = upToNextMajorVersion;
				minimumVersion = 2.1.1;
			};
		};
/* End XCRemoteSwiftPackageReference section */

/* Begin XCSwiftPackageProductDependency section */
		A346C1CA2BE164B500446F3F /* CachedAsyncImage */ = {
			isa = XCSwiftPackageProductDependency;
			package = A346C1C92BE164B500446F3F /* XCRemoteSwiftPackageReference "swiftui-cached-async-image" */;
			productName = CachedAsyncImage;
		};
/* End XCSwiftPackageProductDependency section */
	};
	rootObject = A31959112BE02B6000CCE131 /* Project object */;
}
